
Microsoft Visual Studio Solution File, Format Version 12.00
# Visual Studio 15
VisualStudioVersion = 15.0.27004.2002
MinimumVisualStudioVersion = 10.0.40219.1
Project("{FAE04EC0-301F-11D3-BF4B-00C04F79EFBC}") = "06.March.2016", "06.March.2016\06.March.2016.csproj", "{041AD137-DEC4-4FBF-A95A-C5250988F32E}"
EndProject
Project("{FAE04EC0-301F-11D3-BF4B-00C04F79EFBC}") = "ConsoleApp1", "ConsoleApp1\ConsoleApp1.csproj", "{D67C5740-823D-44F0-8528-D768A227CEEF}"
EndProject
Project("{FAE04EC0-301F-11D3-BF4B-00C04F79EFBC}") = "03 On Time For Exam", "03 On Time For Exam\03 On Time For Exam.csproj", "{172ADFF2-2ED0-4484-AD7C-AC12DDA3E3D3}"
EndProject
Project("{FAE04EC0-301F-11D3-BF4B-00C04F79EFBC}") = "04 Histogram", "04 Histogram\04 Histogram.csproj", "{C33A1DA1-E5B1-429A-A37E-B5B844853A3C}"
EndProject
Project("{FAE04EC0-301F-11D3-BF4B-00C04F79EFBC}") = "Draw Fort", "Draw Fort\Draw Fort.csproj", "{4B939DA5-8474-488E-83EE-50CC97AD0A3F}"
EndProject
Global
	GlobalSection(SolutionConfigurationPlatforms) = preSolution
		Debug|Any CPU = Debug|Any CPU
		Release|Any CPU = Release|Any CPU
	EndGlobalSection
	GlobalSection(ProjectConfigurationPlatforms) = postSolution
		{041AD137-DEC4-4FBF-A95A-C5250988F32E}.Debug|Any CPU.ActiveCfg = Debug|Any CPU
		{041AD137-DEC4-4FBF-A95A-C5250988F32E}.Debug|Any CPU.Build.0 = Debug|Any CPU
		{041AD137-DEC4-4FBF-A95A-C5250988F32E}.Release|Any CPU.ActiveCfg = Release|Any CPU
		{041AD137-DEC4-4FBF-A95A-C5250988F32E}.Release|Any CPU.Build.0 = Release|Any CPU
		{D67C5740-823D-44F0-8528-D768A227CEEF}.Debug|Any CPU.ActiveCfg = Debug|Any CPU
		{D67C5740-823D-44F0-8528-D768A227CEEF}.Debug|Any CPU.Build.0 = Debug|Any CPU
		{D67C5740-823D-44F0-8528-D768A227CEEF}.Release|Any CPU.ActiveCfg = Release|Any CPU
		{D67C5740-823D-44F0-8528-D768A227CEEF}.Release|Any CPU.Build.0 = Release|Any CPU
		{172ADFF2-2ED0-4484-AD7C-AC12DDA3E3D3}.Debug|Any CPU.ActiveCfg = Debug|Any CPU
		{172ADFF2-2ED0-4484-AD7C-AC12DDA3E3D3}.Debug|Any CPU.Build.0 = Debug|Any CPU
		{172ADFF2-2ED0-4484-AD7C-AC12DDA3E3D3}.Release|Any CPU.ActiveCfg = Release|Any CPU
		{172ADFF2-2ED0-4484-AD7C-AC12DDA3E3D3}.Release|Any CPU.Build.0 = Release|Any CPU
		{C33A1DA1-E5B1-429A-A37E-B5B844853A3C}.Debug|Any CPU.ActiveCfg = Debug|Any CPU
		{C33A1DA1-E5B1-429A-A37E-B5B844853A3C}.Debug|Any CPU.Build.0 = Debug|Any CPU
		{C33A1DA1-E5B1-429A-A37E-B5B844853A3C}.Release|Any CPU.ActiveCfg = Release|Any CPU
		{C33A1DA1-E5B1-429A-A37E-B5B844853A3C}.Release|Any CPU.Build.0 = Release|Any CPU
		{4B939DA5-8474-488E-83EE-50CC97AD0A3F}.Debug|Any CPU.ActiveCfg = Debug|Any CPU
		{4B939DA5-8474-488E-83EE-50CC97AD0A3F}.Debug|Any CPU.Build.0 = Debug|Any CPU
		{4B939DA5-8474-488E-83EE-50CC97AD0A3F}.Release|Any CPU.ActiveCfg = Release|Any CPU
		{4B939DA5-8474-488E-83EE-50CC97AD0A3F}.Release|Any CPU.Build.0 = Release|Any CPU
	EndGlobalSection
	GlobalSection(SolutionProperties) = preSolution
		HideSolutionNode = FALSE
	EndGlobalSection
	GlobalSection(ExtensibilityGlobals) = postSolution
		SolutionGuid = {77D3B64B-944C-4AB9-9BFD-259FECDA7E42}
	EndGlobalSection
EndGlobal
