
Microsoft Visual Studio Solution File, Format Version 12.00
# Visual Studio 15
VisualStudioVersion = 15.0.26730.15
MinimumVisualStudioVersion = 10.0.40219.1
Project("{FAE04EC0-301F-11D3-BF4B-00C04F79EFBC}") = "20.November.2016 Morning", "20.November.2016 Morning\20.November.2016 Morning.csproj", "{3CC5DD67-9290-466C-98C7-E6AC393E5480}"
EndProject
Project("{FAE04EC0-301F-11D3-BF4B-00C04F79EFBC}") = "Pets", "Pets\Pets.csproj", "{6EF61702-81A6-4F10-B5CD-42C89FB9F602}"
EndProject
Project("{FAE04EC0-301F-11D3-BF4B-00C04F79EFBC}") = "Vacation", "Vacation\Vacation.csproj", "{73238675-69EA-4CBB-AD8E-E471EDA1E0B6}"
EndProject
Project("{FAE04EC0-301F-11D3-BF4B-00C04F79EFBC}") = "SoftUniCamp", "SoftUniCamp\SoftUniCamp.csproj", "{F7CA0F52-87ED-44FE-9E13-867599F71730}"
EndProject
Project("{FAE04EC0-301F-11D3-BF4B-00C04F79EFBC}") = "Fox", "Fox\Fox.csproj", "{501D3FAF-74BD-4019-9AD4-A961F2B3A3CA}"
EndProject
Global
	GlobalSection(SolutionConfigurationPlatforms) = preSolution
		Debug|Any CPU = Debug|Any CPU
		Release|Any CPU = Release|Any CPU
	EndGlobalSection
	GlobalSection(ProjectConfigurationPlatforms) = postSolution
		{3CC5DD67-9290-466C-98C7-E6AC393E5480}.Debug|Any CPU.ActiveCfg = Debug|Any CPU
		{3CC5DD67-9290-466C-98C7-E6AC393E5480}.Debug|Any CPU.Build.0 = Debug|Any CPU
		{3CC5DD67-9290-466C-98C7-E6AC393E5480}.Release|Any CPU.ActiveCfg = Release|Any CPU
		{3CC5DD67-9290-466C-98C7-E6AC393E5480}.Release|Any CPU.Build.0 = Release|Any CPU
		{6EF61702-81A6-4F10-B5CD-42C89FB9F602}.Debug|Any CPU.ActiveCfg = Debug|Any CPU
		{6EF61702-81A6-4F10-B5CD-42C89FB9F602}.Debug|Any CPU.Build.0 = Debug|Any CPU
		{6EF61702-81A6-4F10-B5CD-42C89FB9F602}.Release|Any CPU.ActiveCfg = Release|Any CPU
		{6EF61702-81A6-4F10-B5CD-42C89FB9F602}.Release|Any CPU.Build.0 = Release|Any CPU
		{73238675-69EA-4CBB-AD8E-E471EDA1E0B6}.Debug|Any CPU.ActiveCfg = Debug|Any CPU
		{73238675-69EA-4CBB-AD8E-E471EDA1E0B6}.Debug|Any CPU.Build.0 = Debug|Any CPU
		{73238675-69EA-4CBB-AD8E-E471EDA1E0B6}.Release|Any CPU.ActiveCfg = Release|Any CPU
		{73238675-69EA-4CBB-AD8E-E471EDA1E0B6}.Release|Any CPU.Build.0 = Release|Any CPU
		{F7CA0F52-87ED-44FE-9E13-867599F71730}.Debug|Any CPU.ActiveCfg = Debug|Any CPU
		{F7CA0F52-87ED-44FE-9E13-867599F71730}.Debug|Any CPU.Build.0 = Debug|Any CPU
		{F7CA0F52-87ED-44FE-9E13-867599F71730}.Release|Any CPU.ActiveCfg = Release|Any CPU
		{F7CA0F52-87ED-44FE-9E13-867599F71730}.Release|Any CPU.Build.0 = Release|Any CPU
		{501D3FAF-74BD-4019-9AD4-A961F2B3A3CA}.Debug|Any CPU.ActiveCfg = Debug|Any CPU
		{501D3FAF-74BD-4019-9AD4-A961F2B3A3CA}.Debug|Any CPU.Build.0 = Debug|Any CPU
		{501D3FAF-74BD-4019-9AD4-A961F2B3A3CA}.Release|Any CPU.ActiveCfg = Release|Any CPU
		{501D3FAF-74BD-4019-9AD4-A961F2B3A3CA}.Release|Any CPU.Build.0 = Release|Any CPU
	EndGlobalSection
	GlobalSection(SolutionProperties) = preSolution
		HideSolutionNode = FALSE
	EndGlobalSection
	GlobalSection(ExtensibilityGlobals) = postSolution
		SolutionGuid = {D47E0589-9FB2-47D0-BFF4-30463D294BC1}
	EndGlobalSection
EndGlobal
