
Microsoft Visual Studio Solution File, Format Version 12.00
# Visual Studio 15
VisualStudioVersion = 15.0.27004.2005
MinimumVisualStudioVersion = 10.0.40219.1
Project("{FAE04EC0-301F-11D3-BF4B-00C04F79EFBC}") = "Podgotovka za izpit 2", "Podgotovka za izpit 2\Podgotovka za izpit 2.csproj", "{8AEB81FD-44B6-4802-AAB3-CF0178EBF7ED}"
EndProject
Project("{FAE04EC0-301F-11D3-BF4B-00C04F79EFBC}") = "Change Tiles", "Change Tiles\Change Tiles.csproj", "{E6CEEAAD-76C2-42D3-BC23-A8EB5A556CCB}"
EndProject
Project("{FAE04EC0-301F-11D3-BF4B-00C04F79EFBC}") = "FwolersShop", "FwolersShop\FwolersShop.csproj", "{818AB9F2-CD6D-4F6F-996B-7A22CC069394}"
EndProject
Project("{FAE04EC0-301F-11D3-BF4B-00C04F79EFBC}") = "Grades", "Grades\Grades.csproj", "{2CB98548-EE17-4D92-8892-301A8B234DBC}"
EndProject
Project("{FAE04EC0-301F-11D3-BF4B-00C04F79EFBC}") = "ChristmassHat", "ChristmassHat\ChristmassHat.csproj", "{C8DF36D9-686E-49B0-9CF9-1AECAC71347D}"
EndProject
Global
	GlobalSection(SolutionConfigurationPlatforms) = preSolution
		Debug|Any CPU = Debug|Any CPU
		Release|Any CPU = Release|Any CPU
	EndGlobalSection
	GlobalSection(ProjectConfigurationPlatforms) = postSolution
		{8AEB81FD-44B6-4802-AAB3-CF0178EBF7ED}.Debug|Any CPU.ActiveCfg = Debug|Any CPU
		{8AEB81FD-44B6-4802-AAB3-CF0178EBF7ED}.Debug|Any CPU.Build.0 = Debug|Any CPU
		{8AEB81FD-44B6-4802-AAB3-CF0178EBF7ED}.Release|Any CPU.ActiveCfg = Release|Any CPU
		{8AEB81FD-44B6-4802-AAB3-CF0178EBF7ED}.Release|Any CPU.Build.0 = Release|Any CPU
		{E6CEEAAD-76C2-42D3-BC23-A8EB5A556CCB}.Debug|Any CPU.ActiveCfg = Debug|Any CPU
		{E6CEEAAD-76C2-42D3-BC23-A8EB5A556CCB}.Debug|Any CPU.Build.0 = Debug|Any CPU
		{E6CEEAAD-76C2-42D3-BC23-A8EB5A556CCB}.Release|Any CPU.ActiveCfg = Release|Any CPU
		{E6CEEAAD-76C2-42D3-BC23-A8EB5A556CCB}.Release|Any CPU.Build.0 = Release|Any CPU
		{818AB9F2-CD6D-4F6F-996B-7A22CC069394}.Debug|Any CPU.ActiveCfg = Debug|Any CPU
		{818AB9F2-CD6D-4F6F-996B-7A22CC069394}.Debug|Any CPU.Build.0 = Debug|Any CPU
		{818AB9F2-CD6D-4F6F-996B-7A22CC069394}.Release|Any CPU.ActiveCfg = Release|Any CPU
		{818AB9F2-CD6D-4F6F-996B-7A22CC069394}.Release|Any CPU.Build.0 = Release|Any CPU
		{2CB98548-EE17-4D92-8892-301A8B234DBC}.Debug|Any CPU.ActiveCfg = Debug|Any CPU
		{2CB98548-EE17-4D92-8892-301A8B234DBC}.Debug|Any CPU.Build.0 = Debug|Any CPU
		{2CB98548-EE17-4D92-8892-301A8B234DBC}.Release|Any CPU.ActiveCfg = Release|Any CPU
		{2CB98548-EE17-4D92-8892-301A8B234DBC}.Release|Any CPU.Build.0 = Release|Any CPU
		{C8DF36D9-686E-49B0-9CF9-1AECAC71347D}.Debug|Any CPU.ActiveCfg = Debug|Any CPU
		{C8DF36D9-686E-49B0-9CF9-1AECAC71347D}.Debug|Any CPU.Build.0 = Debug|Any CPU
		{C8DF36D9-686E-49B0-9CF9-1AECAC71347D}.Release|Any CPU.ActiveCfg = Release|Any CPU
		{C8DF36D9-686E-49B0-9CF9-1AECAC71347D}.Release|Any CPU.Build.0 = Release|Any CPU
	EndGlobalSection
	GlobalSection(SolutionProperties) = preSolution
		HideSolutionNode = FALSE
	EndGlobalSection
	GlobalSection(ExtensibilityGlobals) = postSolution
		SolutionGuid = {9B6235BB-5D38-4501-836C-FC80770EB74A}
	EndGlobalSection
EndGlobal
