
Microsoft Visual Studio Solution File, Format Version 12.00
# Visual Studio 15
VisualStudioVersion = 15.0.26730.15
MinimumVisualStudioVersion = 10.0.40219.1
Project("{FAE04EC0-301F-11D3-BF4B-00C04F79EFBC}") = "20.November.2016 - Evening", "20.November.2016 - Evening\20.November.2016 - Evening.csproj", "{5FD8C754-471E-4C02-9208-09989B6A4610}"
EndProject
Project("{FAE04EC0-301F-11D3-BF4B-00C04F79EFBC}") = "FlowersShop", "FlowersShop\FlowersShop.csproj", "{D15B1D59-FB8D-40F7-86C7-17985171805E}"
EndProject
Project("{FAE04EC0-301F-11D3-BF4B-00C04F79EFBC}") = "Rocket", "Rocket\Rocket.csproj", "{A1CB6D0B-1CC0-486C-BA0D-E45E3AEC2C82}"
EndProject
Project("{FAE04EC0-301F-11D3-BF4B-00C04F79EFBC}") = "BikeRace", "BikeRace\BikeRace.csproj", "{657CAA3F-AE0C-4E07-8438-98AC4F9206AD}"
EndProject
Project("{FAE04EC0-301F-11D3-BF4B-00C04F79EFBC}") = "Logistics", "Logistics\Logistics.csproj", "{DA61ED0E-DBCE-474E-A791-DDE97DAE074F}"
EndProject
Global
	GlobalSection(SolutionConfigurationPlatforms) = preSolution
		Debug|Any CPU = Debug|Any CPU
		Release|Any CPU = Release|Any CPU
	EndGlobalSection
	GlobalSection(ProjectConfigurationPlatforms) = postSolution
		{5FD8C754-471E-4C02-9208-09989B6A4610}.Debug|Any CPU.ActiveCfg = Debug|Any CPU
		{5FD8C754-471E-4C02-9208-09989B6A4610}.Debug|Any CPU.Build.0 = Debug|Any CPU
		{5FD8C754-471E-4C02-9208-09989B6A4610}.Release|Any CPU.ActiveCfg = Release|Any CPU
		{5FD8C754-471E-4C02-9208-09989B6A4610}.Release|Any CPU.Build.0 = Release|Any CPU
		{D15B1D59-FB8D-40F7-86C7-17985171805E}.Debug|Any CPU.ActiveCfg = Debug|Any CPU
		{D15B1D59-FB8D-40F7-86C7-17985171805E}.Debug|Any CPU.Build.0 = Debug|Any CPU
		{D15B1D59-FB8D-40F7-86C7-17985171805E}.Release|Any CPU.ActiveCfg = Release|Any CPU
		{D15B1D59-FB8D-40F7-86C7-17985171805E}.Release|Any CPU.Build.0 = Release|Any CPU
		{A1CB6D0B-1CC0-486C-BA0D-E45E3AEC2C82}.Debug|Any CPU.ActiveCfg = Debug|Any CPU
		{A1CB6D0B-1CC0-486C-BA0D-E45E3AEC2C82}.Debug|Any CPU.Build.0 = Debug|Any CPU
		{A1CB6D0B-1CC0-486C-BA0D-E45E3AEC2C82}.Release|Any CPU.ActiveCfg = Release|Any CPU
		{A1CB6D0B-1CC0-486C-BA0D-E45E3AEC2C82}.Release|Any CPU.Build.0 = Release|Any CPU
		{657CAA3F-AE0C-4E07-8438-98AC4F9206AD}.Debug|Any CPU.ActiveCfg = Debug|Any CPU
		{657CAA3F-AE0C-4E07-8438-98AC4F9206AD}.Debug|Any CPU.Build.0 = Debug|Any CPU
		{657CAA3F-AE0C-4E07-8438-98AC4F9206AD}.Release|Any CPU.ActiveCfg = Release|Any CPU
		{657CAA3F-AE0C-4E07-8438-98AC4F9206AD}.Release|Any CPU.Build.0 = Release|Any CPU
		{DA61ED0E-DBCE-474E-A791-DDE97DAE074F}.Debug|Any CPU.ActiveCfg = Debug|Any CPU
		{DA61ED0E-DBCE-474E-A791-DDE97DAE074F}.Debug|Any CPU.Build.0 = Debug|Any CPU
		{DA61ED0E-DBCE-474E-A791-DDE97DAE074F}.Release|Any CPU.ActiveCfg = Release|Any CPU
		{DA61ED0E-DBCE-474E-A791-DDE97DAE074F}.Release|Any CPU.Build.0 = Release|Any CPU
	EndGlobalSection
	GlobalSection(SolutionProperties) = preSolution
		HideSolutionNode = FALSE
	EndGlobalSection
	GlobalSection(ExtensibilityGlobals) = postSolution
		SolutionGuid = {E2D61A67-C22D-4D38-890F-77CD5D976A86}
	EndGlobalSection
EndGlobal
